{
    "_meta": {
        "hash": {
            "sha256": "38a801adfc130e2c12b05ee955942019bb76bcec231488590de212ed939c98da"
        },
        "pipfile-spec": 6,
        "requires": {
            "python_version": "3.7"
        },
        "sources": [
            {
                "name": "pypi",
                "url": "https://pypi.org/simple",
                "verify_ssl": true
            }
        ]
    },
    "default": {
        "appdirs": {
            "hashes": [
                "sha256:9e5896d1372858f8dd3344faf4e5014d21849c756c8d5701f78f8a103b372d92",
                "sha256:d8b24664561d0d34ddfaec54636d502d7cea6e29c3eaf68f3df6180863e2166e"
            ],
            "version": "==1.4.3"
        },
        "beautifulsoup4": {
            "hashes": [
                "sha256:594ca51a10d2b3443cbac41214e12dbb2a1cd57e1a7344659849e2e20ba6a8d8",
                "sha256:a4bbe77fd30670455c5296242967a123ec28c37e9702a8a81bd2f20a4baf0368",
                "sha256:d4e96ac9b0c3a6d3f0caae2e4124e6055c5dcafde8e2f831ff194c104f0775a0"
            ],
            "index": "pypi",
            "version": "==4.9.0"
        },
        "certifi": {
            "hashes": [
                "sha256:1d987a998c75633c40847cc966fcf5904906c920a7f17ef374f5aa4282abd304",
                "sha256:51fcb31174be6e6664c5f69e3e1691a2d72a1a12e90f872cbdb1567eb47b6519"
            ],
            "version": "==2020.4.5.1"
        },
        "cffi": {
            "hashes": [
                "sha256:001bf3242a1bb04d985d63e138230802c6c8d4db3668fb545fb5005ddf5bb5ff",
                "sha256:00789914be39dffba161cfc5be31b55775de5ba2235fe49aa28c148236c4e06b",
                "sha256:028a579fc9aed3af38f4892bdcc7390508adabc30c6af4a6e4f611b0c680e6ac",
                "sha256:14491a910663bf9f13ddf2bc8f60562d6bc5315c1f09c704937ef17293fb85b0",
                "sha256:1cae98a7054b5c9391eb3249b86e0e99ab1e02bb0cc0575da191aedadbdf4384",
                "sha256:2089ed025da3919d2e75a4d963d008330c96751127dd6f73c8dc0c65041b4c26",
                "sha256:2d384f4a127a15ba701207f7639d94106693b6cd64173d6c8988e2c25f3ac2b6",
                "sha256:337d448e5a725bba2d8293c48d9353fc68d0e9e4088d62a9571def317797522b",
                "sha256:399aed636c7d3749bbed55bc907c3288cb43c65c4389964ad5ff849b6370603e",
                "sha256:3b911c2dbd4f423b4c4fcca138cadde747abdb20d196c4a48708b8a2d32b16dd",
                "sha256:3d311bcc4a41408cf5854f06ef2c5cab88f9fded37a3b95936c9879c1640d4c2",
                "sha256:62ae9af2d069ea2698bf536dcfe1e4eed9090211dbaafeeedf5cb6c41b352f66",
                "sha256:66e41db66b47d0d8672d8ed2708ba91b2f2524ece3dee48b5dfb36be8c2f21dc",
                "sha256:675686925a9fb403edba0114db74e741d8181683dcf216be697d208857e04ca8",
                "sha256:7e63cbcf2429a8dbfe48dcc2322d5f2220b77b2e17b7ba023d6166d84655da55",
                "sha256:8a6c688fefb4e1cd56feb6c511984a6c4f7ec7d2a1ff31a10254f3c817054ae4",
                "sha256:8c0ffc886aea5df6a1762d0019e9cb05f825d0eec1f520c51be9d198701daee5",
                "sha256:95cd16d3dee553f882540c1ffe331d085c9e629499ceadfbda4d4fde635f4b7d",
                "sha256:99f748a7e71ff382613b4e1acc0ac83bf7ad167fb3802e35e90d9763daba4d78",
                "sha256:b8c78301cefcf5fd914aad35d3c04c2b21ce8629b5e4f4e45ae6812e461910fa",
                "sha256:c420917b188a5582a56d8b93bdd8e0f6eca08c84ff623a4c16e809152cd35793",
                "sha256:c43866529f2f06fe0edc6246eb4faa34f03fe88b64a0a9a942561c8e22f4b71f",
                "sha256:cab50b8c2250b46fe738c77dbd25ce017d5e6fb35d3407606e7a4180656a5a6a",
                "sha256:cef128cb4d5e0b3493f058f10ce32365972c554572ff821e175dbc6f8ff6924f",
                "sha256:cf16e3cf6c0a5fdd9bc10c21687e19d29ad1fe863372b5543deaec1039581a30",
                "sha256:e56c744aa6ff427a607763346e4170629caf7e48ead6921745986db3692f987f",
                "sha256:e577934fc5f8779c554639376beeaa5657d54349096ef24abe8c74c5d9c117c3",
                "sha256:f2b0fa0c01d8a0c7483afd9f31d7ecf2d71760ca24499c8697aeb5ca37dc090c"
            ],
            "markers": "platform_python_implementation == 'CPython' and sys_platform == 'win32'",
            "version": "==1.14.0"
        },
        "chardet": {
            "hashes": [
                "sha256:84ab92ed1c4d4f16916e05906b6b75a6c0fb5db821cc65e70cbd64a3e2a5eaae",
                "sha256:fc323ffcaeaed0e0a02bf4d117757b98aed530d9ed4531e3e15460124c106691"
            ],
            "version": "==3.0.4"
        },
        "cov-core": {
            "hashes": [
                "sha256:4a14c67d520fda9d42b0da6134638578caae1d374b9bb462d8de00587dba764c"
            ],
            "version": "==1.15.0"
        },
        "coverage": {
            "hashes": [
                "sha256:04db33c2a3e5b0cd5bc0ef9f93542eb8fabdd3cd6a80d37a428c92fedbf15e32",
                "sha256:0c04f94d5a554e14608987e9877c2dc085c3a667aacb4431fa53f407a64b6cf6",
                "sha256:1697d13f21c9c4167d843f2cb66de9b77ebaa657162a31aa71040373b7706e0a",
                "sha256:1d36700875b3cc177f9537e012b67505ebb6c56a1d31b2e9e5061d75b981d5a6",
                "sha256:216199d5d336c2aa3a64cc5831f23f6c01e1b5710fd56f8d0e77a88f3c230191",
                "sha256:248783c221af8961278ea706b585586f92c61a024109acde675487632b775971",
                "sha256:2b5c6f27e10fbd156ee7ca6eab3d5511ff9b2f7d485c1a2a431056b8107b9c72",
                "sha256:34dd62690a511f0e4eb50ea717f5d4b076ebe86f4b5f4c7e9ed7874e30ed3519",
                "sha256:3f1419a0ff97e54966c6b52895547761bd39c755b072c5043998d64a6e680ca3",
                "sha256:46b484aaac58be8fcecc363ee3a3eaeb3a8e146a8b370d7d1c18cfaad72ef3a5",
                "sha256:4d5311e2fa2e071b852e6c46844958f900febe3663cd741b5743c9e42b38648b",
                "sha256:5d143d7bb6fb501f7dfa61af42f8255d8f6324d292e1abf04b5193a4a0c6864a",
                "sha256:5eea9b318c58b4444b86d0b6270f4aad0df3c8860be4b9eb71191fa29d6e5f05",
                "sha256:7bc8032c543cc4bddff32881e7a27542e6218dbeb8b9ec5e9d69f3213d6e11ef",
                "sha256:88c4c15347bc813a7a23c66e13d7a9dc968a0f9d59136fb1d97ebe869db5b88b",
                "sha256:8d1e770d7018217a014e06d8a6a67e47b5603d60d96d4b8879bb45aba1eea7de",
                "sha256:902f0e340d80e90927dc4afe47d3b8390e1abad9366becb3b1fd609c50eae340",
                "sha256:993d3edd6f84bdf969b2c14f5edca2a3c746c6c524593815a2918a1de4548076",
                "sha256:9f32c7495e60db1657edb5088e27cfbdb2d30c01f047e72892713629fc0d96ae",
                "sha256:a1ef25289f5415f01aadb552ddb3002a18d1c9fc11517a082cf5cb67a766f6a5",
                "sha256:b4d5459ff96f2ea612dc92d7a2a6b8232919600cf7e1859629e26310718e9b6f",
                "sha256:b52e45af6992d6c1b733a54b60fc96a371a5d5d7ef3efa14ad34f884bf1738d6",
                "sha256:bed5bcb2b87cc4bcb3fa295413eb34a4128438f360957922e45901630b299b32",
                "sha256:c16edfee46eee75f7fe630bb20a981521a77c03a11a6346f00de30ba8000358e",
                "sha256:c26be7636819ae80e339288dc4f594d82d18a6a38879937872ead97b34892a8c",
                "sha256:cef649ab5eeb6798bc4b384d4ecb4432e1c6a8f0554b946c83880865ceb8f28c",
                "sha256:de832b9b062bf9ff079aeca7689c9cc26b26077a5bb35a945aa942509e3c29d7",
                "sha256:e026a40b2842afdf29bba9c16a5b6bc496dcbcca602cc3ed7ad3b934d54f73ae",
                "sha256:f3dfee8792241623740e7e2f34a88e6c8c510f7086b2fa695d0387ad815e0d0a",
                "sha256:f75d0c7c1a7904d56daa4961299a084278fd12332bd115bcc55efac61d4271c8"
            ],
            "index": "pypi",
            "version": "==4.4"
        },
        "distlib": {
            "hashes": [
                "sha256:2e166e231a26b36d6dfe35a48c4464346620f8645ed0ace01ee31822b288de21"
            ],
            "version": "==0.3.0"
        },
        "feedparser": {
            "hashes": [
                "sha256:bd030652c2d08532c034c27fcd7c85868e7fa3cb2b17f230a44a6bbc92519bf9",
                "sha256:cd2485472e41471632ed3029d44033ee420ad0b57111db95c240c9160a85831c",
                "sha256:ce875495c90ebd74b179855449040003a1beb40cd13d5f037a0654251e260b02"
            ],
            "index": "pypi",
            "version": "==5.2.1"
        },
        "filelock": {
            "hashes": [
                "sha256:18d82244ee114f543149c66a6e0c14e9c4f8a1044b5cdaadd0f82159d6a6ff59",
                "sha256:929b7d63ec5b7d6b71b0fa5ac14e030b3f70b75747cef1b10da9b879fef15836"
            ],
            "version": "==3.0.12"
        },
        "gevent": {
            "hashes": [
                "sha256:0b84a8d6f088b29a74402728681c9f11864b95e49f5587a666e6fbf5c683e597",
                "sha256:1ef086264e846371beb5742ebaeb148dc96adf72da2ff350ae5603421cdc2ad9",
                "sha256:2070c65896f89a85b39f49427d6132f7abd047129fc4da88b3670f0ba13b0cf7",
                "sha256:2fbe0bc43d8c5540153f06eece6235dda14e5f99bdd9183838396313100815d7",
                "sha256:32813de352918fb652a3db805fd6e08e0a1666a1a9304eef95938c9c426f9573",
                "sha256:38c45d8a3b647f56f8a68769a8ac4953be84a84735c7c7a4d7ca62022bd54036",
                "sha256:3b4c4d99f87c0d04b825879c5a91fbfa2b66da7c25b8689e9bdd9f4741d5f80d",
                "sha256:42cae3be36b7458f411bd589c66aaba27e4e611ec3d3621e37fd732fe383f9b6",
                "sha256:4572dc7907a0ac3c39b9f0898dbdf390ae3250baaae5f7395661fb844e2e23be",
                "sha256:6088bedd8b6bcdb815be322304a5d1c028ffa837d84e93b349928dadac62f354",
                "sha256:8a9aba59a3268f20c7b584119215bdc589cb81500d93dad4dab428eb02f72944",
                "sha256:8cca7ffd58559f8d51e5605ad73afcc6f348f9747d2fa539b336e70851b69b79",
                "sha256:956e82a5d0e90f8d71efe4cecccde602cfb657cd866c58bb953c9c30ca1b3d77",
                "sha256:b0aea12de542f8fcd6882087bdd5b4d7dc8bb316d28181f6b012dd0b91583285",
                "sha256:b46399f6c9eccc2e6de1dc1057d362be840443e5439b06cce8b01d114ba1a7ec",
                "sha256:c0b38a654c8fde5b9d9bd27ea3261aeefe36bc9244b170b6d3b11d72a2163bdb",
                "sha256:c516cc5d70c3faf07f271d50930d144339c69fb80f3cac9b687aa964e518535e",
                "sha256:c7a62d51c6dca84f91a91b940037523c926a516f0568f47dc1386bd1682cf4e9",
                "sha256:cea28f958bc4206ae092043e0775cd7a2bb2536bcbece292732c6484c1076c01",
                "sha256:d56f36eb98532d2bccc51cb0964c31e9fbd9b2282074c297dc9b006b047e2966",
                "sha256:de6c0cbcb890d0a79323961d3b593a0f2f54dcb9fe38ee5167f2d514e69e3c8c",
                "sha256:e0990009e7c1624f9a0f3335df1ab8d45678241c852659ac645b70ed8229097c",
                "sha256:e7d23d5f32c9db6ae49c4b58585618dcafd6ad0babae251c9c8297afebc4744b",
                "sha256:ee39caf14d66e619709cdfe3962bc68a234518e43ea8c811c0d67a864bc7c196"
            ],
            "version": "==20.4.0"
        },
        "greenlet": {
            "hashes": [
                "sha256:000546ad01e6389e98626c1367be58efa613fa82a1be98b0c6fc24b563acc6d0",
                "sha256:0d48200bc50cbf498716712129eef819b1729339e34c3ae71656964dac907c28",
                "sha256:23d12eacffa9d0f290c0fe0c4e81ba6d5f3a5b7ac3c30a5eaf0126bf4deda5c8",
                "sha256:37c9ba82bd82eb6a23c2e5acc03055c0e45697253b2393c9a50cef76a3985304",
                "sha256:51155342eb4d6058a0ffcd98a798fe6ba21195517da97e15fca3db12ab201e6e",
                "sha256:51503524dd6f152ab4ad1fbd168fc6c30b5795e8c70be4410a64940b3abb55c0",
                "sha256:7457d685158522df483196b16ec648b28f8e847861adb01a55d41134e7734122",
                "sha256:8041e2de00e745c0e05a502d6e6db310db7faa7c979b3a5877123548a4c0b214",
                "sha256:81fcd96a275209ef117e9ec91f75c731fa18dcfd9ffaa1c0adbdaa3616a86043",
                "sha256:853da4f9563d982e4121fed8c92eea1a4594a2299037b3034c3c898cb8e933d6",
                "sha256:8b4572c334593d449113f9dc8d19b93b7b271bdbe90ba7509eb178923327b625",
                "sha256:9416443e219356e3c31f1f918a91badf2e37acf297e2fa13d24d1cc2380f8fbc",
                "sha256:9854f612e1b59ec66804931df5add3b2d5ef0067748ea29dc60f0efdcda9a638",
                "sha256:99a26afdb82ea83a265137a398f570402aa1f2b5dfb4ac3300c026931817b163",
                "sha256:a19bf883b3384957e4a4a13e6bd1ae3d85ae87f4beb5957e35b0be287f12f4e4",
                "sha256:a9f145660588187ff835c55a7d2ddf6abfc570c2651c276d3d4be8a2766db490",
                "sha256:ac57fcdcfb0b73bb3203b58a14501abb7e5ff9ea5e2edfa06bb03035f0cff248",
                "sha256:bcb530089ff24f6458a81ac3fa699e8c00194208a724b644ecc68422e1111939",
                "sha256:beeabe25c3b704f7d56b573f7d2ff88fc99f0138e43480cecdfcaa3b87fe4f87",
                "sha256:d634a7ea1fc3380ff96f9e44d8d22f38418c1c381d5fac680b272d7d90883720",
                "sha256:d97b0661e1aead761f0ded3b769044bb00ed5d33e1ec865e891a8b128bf7c656",
                "sha256:e538b8dae561080b542b0f5af64d47ef859f22517f7eca617bb314e0e03fd7ef"
            ],
            "markers": "platform_python_implementation == 'CPython'",
            "version": "==0.4.15"
        },
        "grequests": {
            "hashes": [
                "sha256:6eff964416021bb1dee4182a56cc2b551bfa42d37820e6aee6f2efa00d43a061",
                "sha256:7dec890c6668e6755a1ea968565535867956639301268394d24df67b478df666"
            ],
            "index": "pypi",
            "version": "==0.6.0"
        },
        "idna": {
            "hashes": [
                "sha256:7588d1c14ae4c77d74036e8c22ff447b26d0fde8f007354fd48a7814db15b7cb",
                "sha256:a068a21ceac8a4d63dbfd964670474107f541babbd2250d61922f029858365fa"
            ],
            "version": "==2.9"
        },
        "importlib-metadata": {
            "hashes": [
                "sha256:2a688cbaa90e0cc587f1df48bdc97a6eadccdcd9c35fb3f976a09e3b5016d90f",
                "sha256:34513a8a0c4962bc66d35b359558fd8a5e10cd472d37aec5f66858addef32c1e"
            ],
            "markers": "python_version < '3.8'",
            "version": "==1.6.0"
        },
        "lxml": {
            "hashes": [
                "sha256:06d4e0bbb1d62e38ae6118406d7cdb4693a3fa34ee3762238bcb96c9e36a93cd",
                "sha256:0701f7965903a1c3f6f09328c1278ac0eee8f56f244e66af79cb224b7ef3801c",
                "sha256:1f2c4ec372bf1c4a2c7e4bb20845e8bcf8050365189d86806bad1e3ae473d081",
                "sha256:4235bc124fdcf611d02047d7034164897ade13046bda967768836629bc62784f",
                "sha256:5828c7f3e615f3975d48f40d4fe66e8a7b25f16b5e5705ffe1d22e43fb1f6261",
                "sha256:585c0869f75577ac7a8ff38d08f7aac9033da2c41c11352ebf86a04652758b7a",
                "sha256:5d467ce9c5d35b3bcc7172c06320dddb275fea6ac2037f72f0a4d7472035cea9",
                "sha256:63dbc21efd7e822c11d5ddbedbbb08cd11a41e0032e382a0fd59b0b08e405a3a",
                "sha256:7bc1b221e7867f2e7ff1933165c0cec7153dce93d0cdba6554b42a8beb687bdb",
                "sha256:8620ce80f50d023d414183bf90cc2576c2837b88e00bea3f33ad2630133bbb60",
                "sha256:8a0ebda56ebca1a83eb2d1ac266649b80af8dd4b4a3502b2c1e09ac2f88fe128",
                "sha256:90ed0e36455a81b25b7034038e40880189169c308a3df360861ad74da7b68c1a",
                "sha256:95e67224815ef86924fbc2b71a9dbd1f7262384bca4bc4793645794ac4200717",
                "sha256:afdb34b715daf814d1abea0317b6d672476b498472f1e5aacbadc34ebbc26e89",
                "sha256:b4b2c63cc7963aedd08a5f5a454c9f67251b1ac9e22fd9d72836206c42dc2a72",
                "sha256:d068f55bda3c2c3fcaec24bd083d9e2eede32c583faf084d6e4b9daaea77dde8",
                "sha256:d5b3c4b7edd2e770375a01139be11307f04341ec709cf724e0f26ebb1eef12c3",
                "sha256:deadf4df349d1dcd7b2853a2c8796593cc346600726eff680ed8ed11812382a7",
                "sha256:df533af6f88080419c5a604d0d63b2c33b1c0c4409aba7d0cb6de305147ea8c8",
                "sha256:e4aa948eb15018a657702fee0b9db47e908491c64d36b4a90f59a64741516e77",
                "sha256:e5d842c73e4ef6ed8c1bd77806bf84a7cb535f9c0cf9b2c74d02ebda310070e1",
                "sha256:ebec08091a22c2be870890913bdadd86fcd8e9f0f22bcb398abd3af914690c15",
                "sha256:edc15fcfd77395e24543be48871c251f38132bb834d9fdfdad756adb6ea37679",
                "sha256:f2b74784ed7e0bc2d02bd53e48ad6ba523c9b36c194260b7a5045071abbb1012",
                "sha256:fa071559f14bd1e92077b1b5f6c22cf09756c6de7139370249eb372854ce51e6",
                "sha256:fd52e796fee7171c4361d441796b64df1acfceb51f29e545e812f16d023c4bbc",
                "sha256:fe976a0f1ef09b3638778024ab9fb8cde3118f203364212c198f71341c0715ca"
            ],
            "index": "pypi",
            "version": "==4.5.0"
        },
        "nose": {
            "hashes": [
                "sha256:9ff7c6cc443f8c51994b34a667bbcf45afd6d945be7477b52e97516fd17c53ac",
                "sha256:dadcddc0aefbf99eea214e0f1232b94f2fa9bd98fa8353711dacb112bfcbbb2a",
                "sha256:f1bffef9cbc82628f6e7d7b40d7e255aefaa1adb6a1b1d26c69a8b79e6208a98"
            ],
            "index": "pypi",
            "version": "==1.3.7"
        },
        "nose-cov": {
            "hashes": [
                "sha256:8bec0335598f1cc69e3262cc50d7678c1a6010fa44625ce343c4ec1500774412"
            ],
            "index": "pypi",
            "version": "==1.6"
        },
        "nose-timer": {
            "hashes": [
                "sha256:4c383d67ae6affd67173217e23689308c1a2bb178bfaf8b05b06c4cf16971c26"
            ],
            "index": "pypi",
            "version": "==1.0.0"
        },
        "pycparser": {
            "hashes": [
                "sha256:2d475327684562c3a96cc71adf7dc8c4f0565175cf86b6d7a404ff4c771f15f0",
                "sha256:7582ad22678f0fcd81102833f60ef8d0e57288b6b5fb00323d101be910e35705"
            ],
            "version": "==2.20"
        },
        "requests": {
            "hashes": [
                "sha256:43999036bfa82904b6af1d99e4882b560e5e2c68e5c4b0aa03b655f3d7d73fee",
                "sha256:b3f43d496c6daba4493e7c431722aeb7dbc6288f52a6e04e7b6023b0247817e6"
            ],
            "index": "pypi",
            "version": "==2.23.0"
        },
        "responses": {
            "hashes": [
                "sha256:1a78bc010b20a5022a2c0cb76b8ee6dc1e34d887972615ebd725ab9a166a4960",
                "sha256:3d596d0be06151330cb230a2d630717ab20f7a81f205019481e206eb5db79915"
            ],
            "index": "pypi",
            "version": "==0.10.14"
        },
        "six": {
            "hashes": [
                "sha256:236bdbdce46e6e6a3d61a337c0f8b763ca1e8717c03b369e87a7ec7ce1319c0a",
                "sha256:8f3cd2e254d8f793e7f3d6d9df77b92252b52637291d0f0da013c76ea2724b6c"
            ],
            "version": "==1.14.0"
        },
        "soupsieve": {
            "hashes": [
                "sha256:e914534802d7ffd233242b785229d5ba0766a7f487385e3f714446a07bf540ae",
                "sha256:fcd71e08c0aee99aca1b73f45478549ee7e7fc006d51b37bec9e9def7dc22b69"
            ],
            "version": "==2.0"
        },
        "typing": {
            "hashes": [
                "sha256:91dfe6f3f706ee8cc32d38edbbf304e9b7583fb37108fef38229617f8b3eba23",
                "sha256:c8cabb5ab8945cd2f54917be357d134db9cc1eb039e59d1606dc1e60cb1d9d36",
                "sha256:f38d83c5a7a7086543a0f649564d661859c5146a85775ab90c0d2f93ffaa9714"
            ],
            "index": "pypi",
            "version": "==3.7.4.1"
        },
        "urllib3": {
            "hashes": [
                "sha256:3018294ebefce6572a474f0604c2021e33b3fd8006ecd11d62107a5d2a963527",
                "sha256:88206b0eb87e6d677d424843ac5209e3fb9d0190d0ee169599165ec25e9d9115"
            ],
            "version": "==1.25.9"
        },
        "virtualenv": {
            "hashes": [
                "sha256:5021396e8f03d0d002a770da90e31e61159684db2859d0ba4850fbea752aa675",
                "sha256:ac53ade75ca189bc97b6c1d9ec0f1a50efe33cbf178ae09452dcd9fd309013c1"
            ],
            "index": "pypi",
            "version": "==20.0.18"
        },
        "zipp": {
            "hashes": [
                "sha256:aa36550ff0c0b7ef7fa639055d797116ee891440eac1a56f378e2d3179e0320b",
                "sha256:c599e4d75c98f6798c509911d08a22e6c021d074469042177c8c86fb92eefd96"
            ],
            "version": "==3.1.0"
        }
    },
    "develop": {}
}
